
Microsoft Visual Studio Solution File, Format Version 12.00
# Visual Studio Version 17
VisualStudioVersion = 17.12.35707.178
MinimumVisualStudioVersion = 10.0.40219.1
Project("{FAE04EC0-301F-11D3-BF4B-00C04F79EFBC}") = "Presentation", "Presentation\Presentation.csproj", "{AE38E951-5212-4162-9F8B-FA59222A04DA}"
EndProject
Project("{FAE04EC0-301F-11D3-BF4B-00C04F79EFBC}") = "Domain", "Domain\Domain.csproj", "{3C312F7F-E100-423E-B9A4-43129BAEBAE4}"
EndProject
Project("{FAE04EC0-301F-11D3-BF4B-00C04F79EFBC}") = "DataAccess", "DataAccess\DataAccess.csproj", "{5501E117-7606-4CA7-8C2A-1D90E5A3E8CC}"
EndProject
Project("{2150E333-8FDC-42A3-9474-1A3956D46DE8}") = "Solution Items", "Solution Items", "{11AD60CF-3CC2-490E-A405-924463B2921C}"
	ProjectSection(SolutionItems) = preProject
		.gitignore = .gitignore
	EndProjectSection
EndProject
Global
	GlobalSection(SolutionConfigurationPlatforms) = preSolution
		Debug|Any CPU = Debug|Any CPU
		Release|Any CPU = Release|Any CPU
	EndGlobalSection
	GlobalSection(ProjectConfigurationPlatforms) = postSolution
		{AE38E951-5212-4162-9F8B-FA59222A04DA}.Debug|Any CPU.ActiveCfg = Debug|Any CPU
		{AE38E951-5212-4162-9F8B-FA59222A04DA}.Debug|Any CPU.Build.0 = Debug|Any CPU
		{AE38E951-5212-4162-9F8B-FA59222A04DA}.Release|Any CPU.ActiveCfg = Release|Any CPU
		{AE38E951-5212-4162-9F8B-FA59222A04DA}.Release|Any CPU.Build.0 = Release|Any CPU
		{3C312F7F-E100-423E-B9A4-43129BAEBAE4}.Debug|Any CPU.ActiveCfg = Debug|Any CPU
		{3C312F7F-E100-423E-B9A4-43129BAEBAE4}.Debug|Any CPU.Build.0 = Debug|Any CPU
		{3C312F7F-E100-423E-B9A4-43129BAEBAE4}.Release|Any CPU.ActiveCfg = Release|Any CPU
		{3C312F7F-E100-423E-B9A4-43129BAEBAE4}.Release|Any CPU.Build.0 = Release|Any CPU
		{5501E117-7606-4CA7-8C2A-1D90E5A3E8CC}.Debug|Any CPU.ActiveCfg = Debug|Any CPU
		{5501E117-7606-4CA7-8C2A-1D90E5A3E8CC}.Debug|Any CPU.Build.0 = Debug|Any CPU
		{5501E117-7606-4CA7-8C2A-1D90E5A3E8CC}.Release|Any CPU.ActiveCfg = Release|Any CPU
		{5501E117-7606-4CA7-8C2A-1D90E5A3E8CC}.Release|Any CPU.Build.0 = Release|Any CPU
	EndGlobalSection
	GlobalSection(SolutionProperties) = preSolution
		HideSolutionNode = FALSE
	EndGlobalSection
EndGlobal
